
Microsoft Visual Studio Solution File, Format Version 12.00
# Visual Studio Version 17
VisualStudioVersion = 17.7.34202.233
MinimumVisualStudioVersion = 10.0.40219.1
Project("{FAE04EC0-301F-11D3-BF4B-00C04F79EFBC}") = "HAFigure", "HAFigure\HAFigure.csproj", "{6171E4D5-9657-4598-95BA-042B4A257DBD}"
EndProject
Global
	GlobalSection(SolutionConfigurationPlatforms) = preSolution
		Debug|Any CPU = Debug|Any CPU
		Release|Any CPU = Release|Any CPU
	EndGlobalSection
	GlobalSection(ProjectConfigurationPlatforms) = postSolution
		{6171E4D5-9657-4598-95BA-042B4A257DBD}.Debug|Any CPU.ActiveCfg = Debug|Any CPU
		{6171E4D5-9657-4598-95BA-042B4A257DBD}.Debug|Any CPU.Build.0 = Debug|Any CPU
		{6171E4D5-9657-4598-95BA-042B4A257DBD}.Release|Any CPU.ActiveCfg = Release|Any CPU
		{6171E4D5-9657-4598-95BA-042B4A257DBD}.Release|Any CPU.Build.0 = Release|Any CPU
	EndGlobalSection
	GlobalSection(SolutionProperties) = preSolution
		HideSolutionNode = FALSE
	EndGlobalSection
	GlobalSection(ExtensibilityGlobals) = postSolution
		SolutionGuid = {B14E7881-3FD1-4EA1-83C2-FA31565A13B9}
	EndGlobalSection
EndGlobal
